// !$*UTF8*$!
{
	archiveVersion = 1;
	classes = {
	};
	objectVersion = 56;
	objects = {

/* Begin PBXBuildFile section */
		52CF5EDD2D66F45F00EA8D5D /* MaviBankApp.swift in Sources */ = {isa = PBXBuildFile; fileRef = 52CF5EDC2D66F45F00EA8D5D /* MaviBankApp.swift */; };
		52CF5EDF2D66F45F00EA8D5D /* ContentView.swift in Sources */ = {isa = PBXBuildFile; fileRef = 52CF5EDE2D66F45F00EA8D5D /* ContentView.swift */; };
		52CF5EE12D66F46100EA8D5D /* Assets.xcassets in Resources */ = {isa = PBXBuildFile; fileRef = 52CF5EE02D66F46100EA8D5D /* Assets.xcassets */; };
		52CF5EE52D66F46100EA8D5D /* Preview Assets.xcassets in Resources */ = {isa = PBXBuildFile; fileRef = 52CF5EE42D66F46100EA8D5D /* Preview Assets.xcassets */; };
		52CF5EEF2D66F46100EA8D5D /* MaviBankTests.swift in Sources */ = {isa = PBXBuildFile; fileRef = 52CF5EEE2D66F46100EA8D5D /* MaviBankTests.swift */; };
		52CF5EF92D66F46100EA8D5D /* MaviBankUITests.swift in Sources */ = {isa = PBXBuildFile; fileRef = 52CF5EF82D66F46100EA8D5D /* MaviBankUITests.swift */; };
		52CF5EFB2D66F46100EA8D5D /* MaviBankUITestsLaunchTests.swift in Sources */ = {isa = PBXBuildFile; fileRef = 52CF5EFA2D66F46100EA8D5D /* MaviBankUITestsLaunchTests.swift */; };
		52CF5F092D66F4B700EA8D5D /* User.swift in Sources */ = {isa = PBXBuildFile; fileRef = 52CF5F082D66F4B700EA8D5D /* User.swift */; };
		52CF5F0C2D66F5B100EA8D5D /* Bank.swift in Sources */ = {isa = PBXBuildFile; fileRef = 52CF5F0B2D66F5B100EA8D5D /* Bank.swift */; };
		52CF5F0F2D66FECA00EA8D5D /* BankViewModel.swift in Sources */ = {isa = PBXBuildFile; fileRef = 52CF5F0E2D66FECA00EA8D5D /* BankViewModel.swift */; };
/* End PBXBuildFile section */

/* Begin PBXContainerItemProxy section */
		52CF5EEB2D66F46100EA8D5D /* PBXContainerItemProxy */ = {
			isa = PBXContainerItemProxy;
			containerPortal = 52CF5ED12D66F45F00EA8D5D /* Project object */;
			proxyType = 1;
			remoteGlobalIDString = 52CF5ED82D66F45F00EA8D5D;
			remoteInfo = MaviBank;
		};
		52CF5EF52D66F46100EA8D5D /* PBXContainerItemProxy */ = {
			isa = PBXContainerItemProxy;
			containerPortal = 52CF5ED12D66F45F00EA8D5D /* Project object */;
			proxyType = 1;
			remoteGlobalIDString = 52CF5ED82D66F45F00EA8D5D;
			remoteInfo = MaviBank;
		};
/* End PBXContainerItemProxy section */

/* Begin PBXFileReference section */
		52CF5ED92D66F45F00EA8D5D /* MaviBank.app */ = {isa = PBXFileReference; explicitFileType = wrapper.application; includeInIndex = 0; path = MaviBank.app; sourceTree = BUILT_PRODUCTS_DIR; };
		52CF5EDC2D66F45F00EA8D5D /* MaviBankApp.swift */ = {isa = PBXFileReference; lastKnownFileType = sourcecode.swift; path = MaviBankApp.swift; sourceTree = "<group>"; };
		52CF5EDE2D66F45F00EA8D5D /* ContentView.swift */ = {isa = PBXFileReference; lastKnownFileType = sourcecode.swift; path = ContentView.swift; sourceTree = "<group>"; };
		52CF5EE02D66F46100EA8D5D /* Assets.xcassets */ = {isa = PBXFileReference; lastKnownFileType = folder.assetcatalog; path = Assets.xcassets; sourceTree = "<group>"; };
		52CF5EE22D66F46100EA8D5D /* MaviBank.entitlements */ = {isa = PBXFileReference; lastKnownFileType = text.plist.entitlements; path = MaviBank.entitlements; sourceTree = "<group>"; };
		52CF5EE42D66F46100EA8D5D /* Preview Assets.xcassets */ = {isa = PBXFileReference; lastKnownFileType = folder.assetcatalog; path = "Preview Assets.xcassets"; sourceTree = "<group>"; };
		52CF5EEA2D66F46100EA8D5D /* MaviBankTests.xctest */ = {isa = PBXFileReference; explicitFileType = wrapper.cfbundle; includeInIndex = 0; path = MaviBankTests.xctest; sourceTree = BUILT_PRODUCTS_DIR; };
		52CF5EEE2D66F46100EA8D5D /* MaviBankTests.swift */ = {isa = PBXFileReference; lastKnownFileType = sourcecode.swift; path = MaviBankTests.swift; sourceTree = "<group>"; };
		52CF5EF42D66F46100EA8D5D /* MaviBankUITests.xctest */ = {isa = PBXFileReference; explicitFileType = wrapper.cfbundle; includeInIndex = 0; path = MaviBankUITests.xctest; sourceTree = BUILT_PRODUCTS_DIR; };
		52CF5EF82D66F46100EA8D5D /* MaviBankUITests.swift */ = {isa = PBXFileReference; lastKnownFileType = sourcecode.swift; path = MaviBankUITests.swift; sourceTree = "<group>"; };
		52CF5EFA2D66F46100EA8D5D /* MaviBankUITestsLaunchTests.swift */ = {isa = PBXFileReference; lastKnownFileType = sourcecode.swift; path = MaviBankUITestsLaunchTests.swift; sourceTree = "<group>"; };
		52CF5F082D66F4B700EA8D5D /* User.swift */ = {isa = PBXFileReference; lastKnownFileType = sourcecode.swift; path = User.swift; sourceTree = "<group>"; };
		52CF5F0B2D66F5B100EA8D5D /* Bank.swift */ = {isa = PBXFileReference; lastKnownFileType = sourcecode.swift; path = Bank.swift; sourceTree = "<group>"; };
		52CF5F0E2D66FECA00EA8D5D /* BankViewModel.swift */ = {isa = PBXFileReference; lastKnownFileType = sourcecode.swift; path = BankViewModel.swift; sourceTree = "<group>"; };
/* End PBXFileReference section */

/* Begin PBXFrameworksBuildPhase section */
		52CF5ED62D66F45F00EA8D5D /* Frameworks */ = {
			isa = PBXFrameworksBuildPhase;
			buildActionMask = 2147483647;
			files = (
			);
			runOnlyForDeploymentPostprocessing = 0;
		};
		52CF5EE72D66F46100EA8D5D /* Frameworks */ = {
			isa = PBXFrameworksBuildPhase;
			buildActionMask = 2147483647;
			files = (
			);
			runOnlyForDeploymentPostprocessing = 0;
		};
		52CF5EF12D66F46100EA8D5D /* Frameworks */ = {
			isa = PBXFrameworksBuildPhase;
			buildActionMask = 2147483647;
			files = (
			);
			runOnlyForDeploymentPostprocessing = 0;
		};
/* End PBXFrameworksBuildPhase section */

/* Begin PBXGroup section */
		52CF5ED02D66F45F00EA8D5D = {
			isa = PBXGroup;
			children = (
				52CF5EDB2D66F45F00EA8D5D /* MaviBank */,
				52CF5EED2D66F46100EA8D5D /* MaviBankTests */,
				52CF5EF72D66F46100EA8D5D /* MaviBankUITests */,
				52CF5EDA2D66F45F00EA8D5D /* Products */,
			);
			sourceTree = "<group>";
		};
		52CF5EDA2D66F45F00EA8D5D /* Products */ = {
			isa = PBXGroup;
			children = (
				52CF5ED92D66F45F00EA8D5D /* MaviBank.app */,
				52CF5EEA2D66F46100EA8D5D /* MaviBankTests.xctest */,
				52CF5EF42D66F46100EA8D5D /* MaviBankUITests.xctest */,
			);
			name = Products;
			sourceTree = "<group>";
		};
		52CF5EDB2D66F45F00EA8D5D /* MaviBank */ = {
			isa = PBXGroup;
			children = (
				52CF5F0D2D66FEBD00EA8D5D /* ViewModel */,
				52CF5F072D66F47D00EA8D5D /* Model */,
				52CF5EDC2D66F45F00EA8D5D /* MaviBankApp.swift */,
				52CF5EDE2D66F45F00EA8D5D /* ContentView.swift */,
				52CF5EE02D66F46100EA8D5D /* Assets.xcassets */,
				52CF5EE22D66F46100EA8D5D /* MaviBank.entitlements */,
				52CF5EE32D66F46100EA8D5D /* Preview Content */,
			);
			path = MaviBank;
			sourceTree = "<group>";
		};
		52CF5EE32D66F46100EA8D5D /* Preview Content */ = {
			isa = PBXGroup;
			children = (
				52CF5EE42D66F46100EA8D5D /* Preview Assets.xcassets */,
			);
			path = "Preview Content";
			sourceTree = "<group>";
		};
		52CF5EED2D66F46100EA8D5D /* MaviBankTests */ = {
			isa = PBXGroup;
			children = (
				52CF5EEE2D66F46100EA8D5D /* MaviBankTests.swift */,
			);
			path = MaviBankTests;
			sourceTree = "<group>";
		};
		52CF5EF72D66F46100EA8D5D /* MaviBankUITests */ = {
			isa = PBXGroup;
			children = (
				52CF5EF82D66F46100EA8D5D /* MaviBankUITests.swift */,
				52CF5EFA2D66F46100EA8D5D /* MaviBankUITestsLaunchTests.swift */,
			);
			path = MaviBankUITests;
			sourceTree = "<group>";
		};
		52CF5F072D66F47D00EA8D5D /* Model */ = {
			isa = PBXGroup;
			children = (
				52CF5F082D66F4B700EA8D5D /* User.swift */,
				52CF5F0B2D66F5B100EA8D5D /* Bank.swift */,
			);
			path = Model;
			sourceTree = "<group>";
		};
		52CF5F0D2D66FEBD00EA8D5D /* ViewModel */ = {
			isa = PBXGroup;
			children = (
				52CF5F0E2D66FECA00EA8D5D /* BankViewModel.swift */,
			);
			path = ViewModel;
			sourceTree = "<group>";
		};
/* End PBXGroup section */

/* Begin PBXNativeTarget section */
		52CF5ED82D66F45F00EA8D5D /* MaviBank */ = {
			isa = PBXNativeTarget;
			buildConfigurationList = 52CF5EFE2D66F46100EA8D5D /* Build configuration list for PBXNativeTarget "MaviBank" */;
			buildPhases = (
				52CF5ED52D66F45F00EA8D5D /* Sources */,
				52CF5ED62D66F45F00EA8D5D /* Frameworks */,
				52CF5ED72D66F45F00EA8D5D /* Resources */,
			);
			buildRules = (
			);
			dependencies = (
			);
			name = MaviBank;
			productName = MaviBank;
			productReference = 52CF5ED92D66F45F00EA8D5D /* MaviBank.app */;
			productType = "com.apple.product-type.application";
		};
		52CF5EE92D66F46100EA8D5D /* MaviBankTests */ = {
			isa = PBXNativeTarget;
			buildConfigurationList = 52CF5F012D66F46100EA8D5D /* Build configuration list for PBXNativeTarget "MaviBankTests" */;
			buildPhases = (
				52CF5EE62D66F46100EA8D5D /* Sources */,
				52CF5EE72D66F46100EA8D5D /* Frameworks */,
				52CF5EE82D66F46100EA8D5D /* Resources */,
			);
			buildRules = (
			);
			dependencies = (
				52CF5EEC2D66F46100EA8D5D /* PBXTargetDependency */,
			);
			name = MaviBankTests;
			productName = MaviBankTests;
			productReference = 52CF5EEA2D66F46100EA8D5D /* MaviBankTests.xctest */;
			productType = "com.apple.product-type.bundle.unit-test";
		};
		52CF5EF32D66F46100EA8D5D /* MaviBankUITests */ = {
			isa = PBXNativeTarget;
			buildConfigurationList = 52CF5F042D66F46100EA8D5D /* Build configuration list for PBXNativeTarget "MaviBankUITests" */;
			buildPhases = (
				52CF5EF02D66F46100EA8D5D /* Sources */,
				52CF5EF12D66F46100EA8D5D /* Frameworks */,
				52CF5EF22D66F46100EA8D5D /* Resources */,
			);
			buildRules = (
			);
			dependencies = (
				52CF5EF62D66F46100EA8D5D /* PBXTargetDependency */,
			);
			name = MaviBankUITests;
			productName = MaviBankUITests;
			productReference = 52CF5EF42D66F46100EA8D5D /* MaviBankUITests.xctest */;
			productType = "com.apple.product-type.bundle.ui-testing";
		};
/* End PBXNativeTarget section */

/* Begin PBXProject section */
		52CF5ED12D66F45F00EA8D5D /* Project object */ = {
			isa = PBXProject;
			attributes = {
				BuildIndependentTargetsInParallel = 1;
				LastSwiftUpdateCheck = 1540;
				LastUpgradeCheck = 1540;
				TargetAttributes = {
					52CF5ED82D66F45F00EA8D5D = {
						CreatedOnToolsVersion = 15.4;
					};
					52CF5EE92D66F46100EA8D5D = {
						CreatedOnToolsVersion = 15.4;
						TestTargetID = 52CF5ED82D66F45F00EA8D5D;
					};
					52CF5EF32D66F46100EA8D5D = {
						CreatedOnToolsVersion = 15.4;
						TestTargetID = 52CF5ED82D66F45F00EA8D5D;
					};
				};
			};
			buildConfigurationList = 52CF5ED42D66F45F00EA8D5D /* Build configuration list for PBXProject "MaviBank" */;
			compatibilityVersion = "Xcode 14.0";
			developmentRegion = en;
			hasScannedForEncodings = 0;
			knownRegions = (
				en,
				Base,
			);
			mainGroup = 52CF5ED02D66F45F00EA8D5D;
			productRefGroup = 52CF5EDA2D66F45F00EA8D5D /* Products */;
			projectDirPath = "";
			projectRoot = "";
			targets = (
				52CF5ED82D66F45F00EA8D5D /* MaviBank */,
				52CF5EE92D66F46100EA8D5D /* MaviBankTests */,
				52CF5EF32D66F46100EA8D5D /* MaviBankUITests */,
			);
		};
/* End PBXProject section */

/* Begin PBXResourcesBuildPhase section */
		52CF5ED72D66F45F00EA8D5D /* Resources */ = {
			isa = PBXResourcesBuildPhase;
			buildActionMask = 2147483647;
			files = (
				52CF5EE52D66F46100EA8D5D /* Preview Assets.xcassets in Resources */,
				52CF5EE12D66F46100EA8D5D /* Assets.xcassets in Resources */,
			);
			runOnlyForDeploymentPostprocessing = 0;
		};
		52CF5EE82D66F46100EA8D5D /* Resources */ = {
			isa = PBXResourcesBuildPhase;
			buildActionMask = 2147483647;
			files = (
			);
			runOnlyForDeploymentPostprocessing = 0;
		};
		52CF5EF22D66F46100EA8D5D /* Resources */ = {
			isa = PBXResourcesBuildPhase;
			buildActionMask = 2147483647;
			files = (
			);
			runOnlyForDeploymentPostprocessing = 0;
		};
/* End PBXResourcesBuildPhase section */

/* Begin PBXSourcesBuildPhase section */
		52CF5ED52D66F45F00EA8D5D /* Sources */ = {
			isa = PBXSourcesBuildPhase;
			buildActionMask = 2147483647;
			files = (
				52CF5F0F2D66FECA00EA8D5D /* BankViewModel.swift in Sources */,
				52CF5EDF2D66F45F00EA8D5D /* ContentView.swift in Sources */,
				52CF5F0C2D66F5B100EA8D5D /* Bank.swift in Sources */,
				52CF5EDD2D66F45F00EA8D5D /* MaviBankApp.swift in Sources */,
				52CF5F092D66F4B700EA8D5D /* User.swift in Sources */,
			);
			runOnlyForDeploymentPostprocessing = 0;
		};
		52CF5EE62D66F46100EA8D5D /* Sources */ = {
			isa = PBXSourcesBuildPhase;
			buildActionMask = 2147483647;
			files = (
				52CF5EEF2D66F46100EA8D5D /* MaviBankTests.swift in Sources */,
			);
			runOnlyForDeploymentPostprocessing = 0;
		};
		52CF5EF02D66F46100EA8D5D /* Sources */ = {
			isa = PBXSourcesBuildPhase;
			buildActionMask = 2147483647;
			files = (
				52CF5EFB2D66F46100EA8D5D /* MaviBankUITestsLaunchTests.swift in Sources */,
				52CF5EF92D66F46100EA8D5D /* MaviBankUITests.swift in Sources */,
			);
			runOnlyForDeploymentPostprocessing = 0;
		};
/* End PBXSourcesBuildPhase section */

/* Begin PBXTargetDependency section */
		52CF5EEC2D66F46100EA8D5D /* PBXTargetDependency */ = {
			isa = PBXTargetDependency;
			target = 52CF5ED82D66F45F00EA8D5D /* MaviBank */;
			targetProxy = 52CF5EEB2D66F46100EA8D5D /* PBXContainerItemProxy */;
		};
		52CF5EF62D66F46100EA8D5D /* PBXTargetDependency */ = {
			isa = PBXTargetDependency;
			target = 52CF5ED82D66F45F00EA8D5D /* MaviBank */;
			targetProxy = 52CF5EF52D66F46100EA8D5D /* PBXContainerItemProxy */;
		};
/* End PBXTargetDependency section */

/* Begin XCBuildConfiguration section */
		52CF5EFC2D66F46100EA8D5D /* Debug */ = {
			isa = XCBuildConfiguration;
			buildSettings = {
				ALWAYS_SEARCH_USER_PATHS = NO;
				ASSETCATALOG_COMPILER_GENERATE_SWIFT_ASSET_SYMBOL_EXTENSIONS = YES;
				CLANG_ANALYZER_NONNULL = YES;
				CLANG_ANALYZER_NUMBER_OBJECT_CONVERSION = YES_AGGRESSIVE;
				CLANG_CXX_LANGUAGE_STANDARD = "gnu++20";
				CLANG_ENABLE_MODULES = YES;
				CLANG_ENABLE_OBJC_ARC = YES;
				CLANG_ENABLE_OBJC_WEAK = YES;
				CLANG_WARN_BLOCK_CAPTURE_AUTORELEASING = YES;
				CLANG_WARN_BOOL_CONVERSION = YES;
				CLANG_WARN_COMMA = YES;
				CLANG_WARN_CONSTANT_CONVERSION = YES;
				CLANG_WARN_DEPRECATED_OBJC_IMPLEMENTATIONS = YES;
				CLANG_WARN_DIRECT_OBJC_ISA_USAGE = YES_ERROR;
				CLANG_WARN_DOCUMENTATION_COMMENTS = YES;
				CLANG_WARN_EMPTY_BODY = YES;
				CLANG_WARN_ENUM_CONVERSION = YES;
				CLANG_WARN_INFINITE_RECURSION = YES;
				CLANG_WARN_INT_CONVERSION = YES;
				CLANG_WARN_NON_LITERAL_NULL_CONVERSION = YES;
				CLANG_WARN_OBJC_IMPLICIT_RETAIN_SELF = YES;
				CLANG_WARN_OBJC_LITERAL_CONVERSION = YES;
				CLANG_WARN_OBJC_ROOT_CLASS = YES_ERROR;
				CLANG_WARN_QUOTED_INCLUDE_IN_FRAMEWORK_HEADER = YES;
				CLANG_WARN_RANGE_LOOP_ANALYSIS = YES;
				CLANG_WARN_STRICT_PROTOTYPES = YES;
				CLANG_WARN_SUSPICIOUS_MOVE = YES;
				CLANG_WARN_UNGUARDED_AVAILABILITY = YES_AGGRESSIVE;
				CLANG_WARN_UNREACHABLE_CODE = YES;
				CLANG_WARN__DUPLICATE_METHOD_MATCH = YES;
				COPY_PHASE_STRIP = NO;
				DEBUG_INFORMATION_FORMAT = dwarf;
				ENABLE_STRICT_OBJC_MSGSEND = YES;
				ENABLE_TESTABILITY = YES;
				ENABLE_USER_SCRIPT_SANDBOXING = YES;
				GCC_C_LANGUAGE_STANDARD = gnu17;
				GCC_DYNAMIC_NO_PIC = NO;
				GCC_NO_COMMON_BLOCKS = YES;
				GCC_OPTIMIZATION_LEVEL = 0;
				GCC_PREPROCESSOR_DEFINITIONS = (
					"DEBUG=1",
					"$(inherited)",
				);
				GCC_WARN_64_TO_32_BIT_CONVERSION = YES;
				GCC_WARN_ABOUT_RETURN_TYPE = YES_ERROR;
				GCC_WARN_UNDECLARED_SELECTOR = YES;
				GCC_WARN_UNINITIALIZED_AUTOS = YES_AGGRESSIVE;
				GCC_WARN_UNUSED_FUNCTION = YES;
				GCC_WARN_UNUSED_VARIABLE = YES;
				LOCALIZATION_PREFERS_STRING_CATALOGS = YES;
				MTL_ENABLE_DEBUG_INFO = INCLUDE_SOURCE;
				MTL_FAST_MATH = YES;
				ONLY_ACTIVE_ARCH = YES;
				SWIFT_ACTIVE_COMPILATION_CONDITIONS = "DEBUG $(inherited)";
				SWIFT_OPTIMIZATION_LEVEL = "-Onone";
			};
			name = Debug;
		};
		52CF5EFD2D66F46100EA8D5D /* Release */ = {
			isa = XCBuildConfiguration;
			buildSettings = {
				ALWAYS_SEARCH_USER_PATHS = NO;
				ASSETCATALOG_COMPILER_GENERATE_SWIFT_ASSET_SYMBOL_EXTENSIONS = YES;
				CLANG_ANALYZER_NONNULL = YES;
				CLANG_ANALYZER_NUMBER_OBJECT_CONVERSION = YES_AGGRESSIVE;
				CLANG_CXX_LANGUAGE_STANDARD = "gnu++20";
				CLANG_ENABLE_MODULES = YES;
				CLANG_ENABLE_OBJC_ARC = YES;
				CLANG_ENABLE_OBJC_WEAK = YES;
				CLANG_WARN_BLOCK_CAPTURE_AUTORELEASING = YES;
				CLANG_WARN_BOOL_CONVERSION = YES;
				CLANG_WARN_COMMA = YES;
				CLANG_WARN_CONSTANT_CONVERSION = YES;
				CLANG_WARN_DEPRECATED_OBJC_IMPLEMENTATIONS = YES;
				CLANG_WARN_DIRECT_OBJC_ISA_USAGE = YES_ERROR;
				CLANG_WARN_DOCUMENTATION_COMMENTS = YES;
				CLANG_WARN_EMPTY_BODY = YES;
				CLANG_WARN_ENUM_CONVERSION = YES;
				CLANG_WARN_INFINITE_RECURSION = YES;
				CLANG_WARN_INT_CONVERSION = YES;
				CLANG_WARN_NON_LITERAL_NULL_CONVERSION = YES;
				CLANG_WARN_OBJC_IMPLICIT_RETAIN_SELF = YES;
				CLANG_WARN_OBJC_LITERAL_CONVERSION = YES;
				CLANG_WARN_OBJC_ROOT_CLASS = YES_ERROR;
				CLANG_WARN_QUOTED_INCLUDE_IN_FRAMEWORK_HEADER = YES;
				CLANG_WARN_RANGE_LOOP_ANALYSIS = YES;
				CLANG_WARN_STRICT_PROTOTYPES = YES;
				CLANG_WARN_SUSPICIOUS_MOVE = YES;
				CLANG_WARN_UNGUARDED_AVAILABILITY = YES_AGGRESSIVE;
				CLANG_WARN_UNREACHABLE_CODE = YES;
				CLANG_WARN__DUPLICATE_METHOD_MATCH = YES;
				COPY_PHASE_STRIP = NO;
				DEBUG_INFORMATION_FORMAT = "dwarf-with-dsym";
				ENABLE_NS_ASSERTIONS = NO;
				ENABLE_STRICT_OBJC_MSGSEND = YES;
				ENABLE_USER_SCRIPT_SANDBOXING = YES;
				GCC_C_LANGUAGE_STANDARD = gnu17;
				GCC_NO_COMMON_BLOCKS = YES;
				GCC_WARN_64_TO_32_BIT_CONVERSION = YES;
				GCC_WARN_ABOUT_RETURN_TYPE = YES_ERROR;
				GCC_WARN_UNDECLARED_SELECTOR = YES;
				GCC_WARN_UNINITIALIZED_AUTOS = YES_AGGRESSIVE;
				GCC_WARN_UNUSED_FUNCTION = YES;
				GCC_WARN_UNUSED_VARIABLE = YES;
				LOCALIZATION_PREFERS_STRING_CATALOGS = YES;
				MTL_ENABLE_DEBUG_INFO = NO;
				MTL_FAST_MATH = YES;
				SWIFT_COMPILATION_MODE = wholemodule;
			};
			name = Release;
		};
		52CF5EFF2D66F46100EA8D5D /* Debug */ = {
			isa = XCBuildConfiguration;
			buildSettings = {
				ASSETCATALOG_COMPILER_APPICON_NAME = AppIcon;
				ASSETCATALOG_COMPILER_GLOBAL_ACCENT_COLOR_NAME = AccentColor;
				CODE_SIGN_ENTITLEMENTS = MaviBank/MaviBank.entitlements;
				CODE_SIGN_STYLE = Automatic;
				CURRENT_PROJECT_VERSION = 1;
				DEVELOPMENT_ASSET_PATHS = "\"MaviBank/Preview Content\"";
				ENABLE_PREVIEWS = YES;
				GENERATE_INFOPLIST_FILE = YES;
				"INFOPLIST_KEY_UIApplicationSceneManifest_Generation[sdk=iphoneos*]" = YES;
				"INFOPLIST_KEY_UIApplicationSceneManifest_Generation[sdk=iphonesimulator*]" = YES;
				"INFOPLIST_KEY_UIApplicationSupportsIndirectInputEvents[sdk=iphoneos*]" = YES;
				"INFOPLIST_KEY_UIApplicationSupportsIndirectInputEvents[sdk=iphonesimulator*]" = YES;
				"INFOPLIST_KEY_UILaunchScreen_Generation[sdk=iphoneos*]" = YES;
				"INFOPLIST_KEY_UILaunchScreen_Generation[sdk=iphonesimulator*]" = YES;
				"INFOPLIST_KEY_UIStatusBarStyle[sdk=iphoneos*]" = UIStatusBarStyleDefault;
				"INFOPLIST_KEY_UIStatusBarStyle[sdk=iphonesimulator*]" = UIStatusBarStyleDefault;
				INFOPLIST_KEY_UISupportedInterfaceOrientations_iPad = "UIInterfaceOrientationPortrait UIInterfaceOrientationPortraitUpsideDown UIInterfaceOrientationLandscapeLeft UIInterfaceOrientationLandscapeRight";
				INFOPLIST_KEY_UISupportedInterfaceOrientations_iPhone = "UIInterfaceOrientationPortrait UIInterfaceOrientationLandscapeLeft UIInterfaceOrientationLandscapeRight";
				IPHONEOS_DEPLOYMENT_TARGET = 17.5;
				LD_RUNPATH_SEARCH_PATHS = "@executable_path/Frameworks";
				"LD_RUNPATH_SEARCH_PATHS[sdk=macosx*]" = "@executable_path/../Frameworks";
				MACOSX_DEPLOYMENT_TARGET = 14.3;
				MARKETING_VERSION = 1.0;
				PRODUCT_BUNDLE_IDENTIFIER = pasha.MaviBank;
				PRODUCT_NAME = "$(TARGET_NAME)";
				SDKROOT = auto;
				SUPPORTED_PLATFORMS = "iphoneos iphonesimulator macosx";
				SWIFT_EMIT_LOC_STRINGS = YES;
				SWIFT_VERSION = 5.0;
				TARGETED_DEVICE_FAMILY = "1,2";
			};
			name = Debug;
		};
		52CF5F002D66F46100EA8D5D /* Release */ = {
			isa = XCBuildConfiguration;
			buildSettings = {
				ASSETCATALOG_COMPILER_APPICON_NAME = AppIcon;
				ASSETCATALOG_COMPILER_GLOBAL_ACCENT_COLOR_NAME = AccentColor;
				CODE_SIGN_ENTITLEMENTS = MaviBank/MaviBank.entitlements;
				CODE_SIGN_STYLE = Automatic;
				CURRENT_PROJECT_VERSION = 1;
				DEVELOPMENT_ASSET_PATHS = "\"MaviBank/Preview Content\"";
				ENABLE_PREVIEWS = YES;
				GENERATE_INFOPLIST_FILE = YES;
				"INFOPLIST_KEY_UIApplicationSceneManifest_Generation[sdk=iphoneos*]" = YES;
				"INFOPLIST_KEY_UIApplicationSceneManifest_Generation[sdk=iphonesimulator*]" = YES;
				"INFOPLIST_KEY_UIApplicationSupportsIndirectInputEvents[sdk=iphoneos*]" = YES;
				"INFOPLIST_KEY_UIApplicationSupportsIndirectInputEvents[sdk=iphonesimulator*]" = YES;
				"INFOPLIST_KEY_UILaunchScreen_Generation[sdk=iphoneos*]" = YES;
				"INFOPLIST_KEY_UILaunchScreen_Generation[sdk=iphonesimulator*]" = YES;
				"INFOPLIST_KEY_UIStatusBarStyle[sdk=iphoneos*]" = UIStatusBarStyleDefault;
				"INFOPLIST_KEY_UIStatusBarStyle[sdk=iphonesimulator*]" = UIStatusBarStyleDefault;
				INFOPLIST_KEY_UISupportedInterfaceOrientations_iPad = "UIInterfaceOrientationPortrait UIInterfaceOrientationPortraitUpsideDown UIInterfaceOrientationLandscapeLeft UIInterfaceOrientationLandscapeRight";
				INFOPLIST_KEY_UISupportedInterfaceOrientations_iPhone = "UIInterfaceOrientationPortrait UIInterfaceOrientationLandscapeLeft UIInterfaceOrientationLandscapeRight";
				IPHONEOS_DEPLOYMENT_TARGET = 17.5;
				LD_RUNPATH_SEARCH_PATHS = "@executable_path/Frameworks";
				"LD_RUNPATH_SEARCH_PATHS[sdk=macosx*]" = "@executable_path/../Frameworks";
				MACOSX_DEPLOYMENT_TARGET = 14.3;
				MARKETING_VERSION = 1.0;
				PRODUCT_BUNDLE_IDENTIFIER = pasha.MaviBank;
				PRODUCT_NAME = "$(TARGET_NAME)";
				SDKROOT = auto;
				SUPPORTED_PLATFORMS = "iphoneos iphonesimulator macosx";
				SWIFT_EMIT_LOC_STRINGS = YES;
				SWIFT_VERSION = 5.0;
				TARGETED_DEVICE_FAMILY = "1,2";
			};
			name = Release;
		};
		52CF5F022D66F46100EA8D5D /* Debug */ = {
			isa = XCBuildConfiguration;
			buildSettings = {
				ALWAYS_EMBED_SWIFT_STANDARD_LIBRARIES = YES;
				BUNDLE_LOADER = "$(TEST_HOST)";
				CODE_SIGN_STYLE = Automatic;
				CURRENT_PROJECT_VERSION = 1;
				GENERATE_INFOPLIST_FILE = YES;
				IPHONEOS_DEPLOYMENT_TARGET = 17.5;
				MACOSX_DEPLOYMENT_TARGET = 14.3;
				MARKETING_VERSION = 1.0;
				PRODUCT_BUNDLE_IDENTIFIER = pasha.MaviBankTests;
				PRODUCT_NAME = "$(TARGET_NAME)";
				SDKROOT = auto;
				SUPPORTED_PLATFORMS = "iphoneos iphonesimulator macosx";
				SWIFT_EMIT_LOC_STRINGS = NO;
				SWIFT_VERSION = 5.0;
				TARGETED_DEVICE_FAMILY = "1,2";
				TEST_HOST = "$(BUILT_PRODUCTS_DIR)/MaviBank.app/$(BUNDLE_EXECUTABLE_FOLDER_PATH)/MaviBank";
			};
			name = Debug;
		};
		52CF5F032D66F46100EA8D5D /* Release */ = {
			isa = XCBuildConfiguration;
			buildSettings = {
				ALWAYS_EMBED_SWIFT_STANDARD_LIBRARIES = YES;
				BUNDLE_LOADER = "$(TEST_HOST)";
				CODE_SIGN_STYLE = Automatic;
				CURRENT_PROJECT_VERSION = 1;
				GENERATE_INFOPLIST_FILE = YES;
				IPHONEOS_DEPLOYMENT_TARGET = 17.5;
				MACOSX_DEPLOYMENT_TARGET = 14.3;
				MARKETING_VERSION = 1.0;
				PRODUCT_BUNDLE_IDENTIFIER = pasha.MaviBankTests;
				PRODUCT_NAME = "$(TARGET_NAME)";
				SDKROOT = auto;
				SUPPORTED_PLATFORMS = "iphoneos iphonesimulator macosx";
				SWIFT_EMIT_LOC_STRINGS = NO;
				SWIFT_VERSION = 5.0;
				TARGETED_DEVICE_FAMILY = "1,2";
				TEST_HOST = "$(BUILT_PRODUCTS_DIR)/MaviBank.app/$(BUNDLE_EXECUTABLE_FOLDER_PATH)/MaviBank";
			};
			name = Release;
		};
		52CF5F052D66F46100EA8D5D /* Debug */ = {
			isa = XCBuildConfiguration;
			buildSettings = {
				ALWAYS_EMBED_SWIFT_STANDARD_LIBRARIES = YES;
				CODE_SIGN_STYLE = Automatic;
				CURRENT_PROJECT_VERSION = 1;
				GENERATE_INFOPLIST_FILE = YES;
				IPHONEOS_DEPLOYMENT_TARGET = 17.5;
				MACOSX_DEPLOYMENT_TARGET = 14.3;
				MARKETING_VERSION = 1.0;
				PRODUCT_BUNDLE_IDENTIFIER = pasha.MaviBankUITests;
				PRODUCT_NAME = "$(TARGET_NAME)";
				SDKROOT = auto;
				SUPPORTED_PLATFORMS = "iphoneos iphonesimulator macosx";
				SWIFT_EMIT_LOC_STRINGS = NO;
				SWIFT_VERSION = 5.0;
				TARGETED_DEVICE_FAMILY = "1,2";
				TEST_TARGET_NAME = MaviBank;
			};
			name = Debug;
		};
		52CF5F062D66F46100EA8D5D /* Release */ = {
			isa = XCBuildConfiguration;
			buildSettings = {
				ALWAYS_EMBED_SWIFT_STANDARD_LIBRARIES = YES;
				CODE_SIGN_STYLE = Automatic;
				CURRENT_PROJECT_VERSION = 1;
				GENERATE_INFOPLIST_FILE = YES;
				IPHONEOS_DEPLOYMENT_TARGET = 17.5;
				MACOSX_DEPLOYMENT_TARGET = 14.3;
				MARKETING_VERSION = 1.0;
				PRODUCT_BUNDLE_IDENTIFIER = pasha.MaviBankUITests;
				PRODUCT_NAME = "$(TARGET_NAME)";
				SDKROOT = auto;
				SUPPORTED_PLATFORMS = "iphoneos iphonesimulator macosx";
				SWIFT_EMIT_LOC_STRINGS = NO;
				SWIFT_VERSION = 5.0;
				TARGETED_DEVICE_FAMILY = "1,2";
				TEST_TARGET_NAME = MaviBank;
			};
			name = Release;
		};
/* End XCBuildConfiguration section */

/* Begin XCConfigurationList section */
		52CF5ED42D66F45F00EA8D5D /* Build configuration list for PBXProject "MaviBank" */ = {
			isa = XCConfigurationList;
			buildConfigurations = (
				52CF5EFC2D66F46100EA8D5D /* Debug */,
				52CF5EFD2D66F46100EA8D5D /* Release */,
			);
			defaultConfigurationIsVisible = 0;
			defaultConfigurationName = Release;
		};
		52CF5EFE2D66F46100EA8D5D /* Build configuration list for PBXNativeTarget "MaviBank" */ = {
			isa = XCConfigurationList;
			buildConfigurations = (
				52CF5EFF2D66F46100EA8D5D /* Debug */,
				52CF5F002D66F46100EA8D5D /* Release */,
			);
			defaultConfigurationIsVisible = 0;
			defaultConfigurationName = Release;
		};
		52CF5F012D66F46100EA8D5D /* Build configuration list for PBXNativeTarget "MaviBankTests" */ = {
			isa = XCConfigurationList;
			buildConfigurations = (
				52CF5F022D66F46100EA8D5D /* Debug */,
				52CF5F032D66F46100EA8D5D /* Release */,
			);
			defaultConfigurationIsVisible = 0;
			defaultConfigurationName = Release;
		};
		52CF5F042D66F46100EA8D5D /* Build configuration list for PBXNativeTarget "MaviBankUITests" */ = {
			isa = XCConfigurationList;
			buildConfigurations = (
				52CF5F052D66F46100EA8D5D /* Debug */,
				52CF5F062D66F46100EA8D5D /* Release */,
			);
			defaultConfigurationIsVisible = 0;
			defaultConfigurationName = Release;
		};
/* End XCConfigurationList section */
	};
	rootObject = 52CF5ED12D66F45F00EA8D5D /* Project object */;
}
